{
  "name": "address-service-js",
  "version": "0.0.3",
  "lockfileVersion": 3,
  "requires": true,
  "packages": {
    "": {
      "name": "address-service-js",
      "version": "0.0.3",
      "dependencies": {
        "address-service-js": "^0.0.3"
      }
    },
    "node_modules/address-service-js": {
      "version": "0.0.3",
      "resolved": "https://registry.npmjs.org/address-service-js/-/address-service-js-0.0.3.tgz",
      "integrity": "sha512-qww4YxiKZfAJ1kjk5BWBKEbAAOyC8mslsC3MO5Mkz2nRL7ot2WBWxGZ9qhtK2mXrMQAMuK0KDJPG2lLBCad8Hg==",
      "dependencies": {
        "address-service-js": "^0.0.2"
      }
    },
    "node_modules/address-service-js/node_modules/address-service-js": {
      "version": "0.0.2",
      "resolved": "https://registry.npmjs.org/address-service-js/-/address-service-js-0.0.2.tgz",
      "integrity": "sha512-beR1Ki7IqzScg4vmo9uoauXLZO1qf9VOZfZbt591fIiphjHgmP357O2Ll9I+3fGn3hHDMCWkhgV5oCLzgUaspQ=="
    }
  }
}
